
Microsoft Visual Studio Solution File, Format Version 12.00
# Visual Studio Version 17
VisualStudioVersion = 17.0.32112.339
MinimumVisualStudioVersion = 10.0.40219.1
Project("{FAE04EC0-301F-11D3-BF4B-00C04F79EFBC}") = "Projeto_teste", "Projeto_teste.csproj", "{CA97BC98-F689-4273-9A8B-BB99D154E785}"
EndProject
Project("{FAE04EC0-301F-11D3-BF4B-00C04F79EFBC}") = "TestMSTeste", "..\TestMSTeste\TestMSTeste.csproj", "{F409BB3E-955A-44F0-8A45-A2F3C4C703AE}"
EndProject
Project("{FAE04EC0-301F-11D3-BF4B-00C04F79EFBC}") = "TestUnit", "..\TestUnit\TestUnit.csproj", "{BA5CD638-2E99-4465-9491-22C0130A6073}"
EndProject
Global
	GlobalSection(SolutionConfigurationPlatforms) = preSolution
		Debug|Any CPU = Debug|Any CPU
		Release|Any CPU = Release|Any CPU
	EndGlobalSection
	GlobalSection(ProjectConfigurationPlatforms) = postSolution
		{CA97BC98-F689-4273-9A8B-BB99D154E785}.Debug|Any CPU.ActiveCfg = Debug|Any CPU
		{CA97BC98-F689-4273-9A8B-BB99D154E785}.Debug|Any CPU.Build.0 = Debug|Any CPU
		{CA97BC98-F689-4273-9A8B-BB99D154E785}.Release|Any CPU.ActiveCfg = Release|Any CPU
		{CA97BC98-F689-4273-9A8B-BB99D154E785}.Release|Any CPU.Build.0 = Release|Any CPU
		{F409BB3E-955A-44F0-8A45-A2F3C4C703AE}.Debug|Any CPU.ActiveCfg = Debug|Any CPU
		{F409BB3E-955A-44F0-8A45-A2F3C4C703AE}.Debug|Any CPU.Build.0 = Debug|Any CPU
		{F409BB3E-955A-44F0-8A45-A2F3C4C703AE}.Release|Any CPU.ActiveCfg = Release|Any CPU
		{F409BB3E-955A-44F0-8A45-A2F3C4C703AE}.Release|Any CPU.Build.0 = Release|Any CPU
		{BA5CD638-2E99-4465-9491-22C0130A6073}.Debug|Any CPU.ActiveCfg = Debug|Any CPU
		{BA5CD638-2E99-4465-9491-22C0130A6073}.Debug|Any CPU.Build.0 = Debug|Any CPU
		{BA5CD638-2E99-4465-9491-22C0130A6073}.Release|Any CPU.ActiveCfg = Release|Any CPU
		{BA5CD638-2E99-4465-9491-22C0130A6073}.Release|Any CPU.Build.0 = Release|Any CPU
	EndGlobalSection
	GlobalSection(SolutionProperties) = preSolution
		HideSolutionNode = FALSE
	EndGlobalSection
	GlobalSection(ExtensibilityGlobals) = postSolution
		SolutionGuid = {B62B6DF1-1351-4956-B626-A8DDC9F54A07}
	EndGlobalSection
EndGlobal
